{
  "nodes": {
    "home-manager": {
      "inputs": {
        "nixpkgs": [
          "nixpkgs"
        ]
      },
      "locked": {
        "lastModified": 1747875884,
        "narHash": "sha256-tdVx4kghhdy62LKuTnwE2RytOe8o88tah/yhpyuL0D4=",
        "owner": "nix-community",
        "repo": "home-manager",
        "rev": "f9186c64fcc6ee5f0114547acf9e814c806a640b",
        "type": "github"
      },
      "original": {
        "owner": "nix-community",
        "repo": "home-manager",
        "type": "github"
      }
    },
    "nixpkgs": {
      "locked": {
        "lastModified": 1747852984,
        "narHash": "sha256-q2PmaOxyR3zqOF54a3E1Cj1gh0sDu8APX9b+OkX4J5s=",
        "owner": "nixos",
        "repo": "nixpkgs",
        "rev": "8c441601c43232976179eac52dde704c8bdf81ed",
        "type": "github"
      },
      "original": {
        "owner": "nixos",
        "ref": "nixpkgs-unstable",
        "repo": "nixpkgs",
        "type": "github"
      }
    },
    "root": {
      "inputs": {
        "home-manager": "home-manager",
        "nixpkgs": "nixpkgs"
      }
    }
  },
  "root": "root",
  "version": 7
}
